
Microsoft Visual Studio Solution File, Format Version 12.00
# Visual Studio 15
VisualStudioVersion = 15.0.27004.2005
MinimumVisualStudioVersion = 10.0.40219.1
Project("{FAE04EC0-301F-11D3-BF4B-00C04F79EFBC}") = "GitHubBot", "GitHubBot\GitHubBot.csproj", "{4A966684-0A83-4265-A77E-A1AC3EED521F}"
EndProject
Project("{FAE04EC0-301F-11D3-BF4B-00C04F79EFBC}") = "Microsoft.Bot.Builder.OAuth", "..\..\SDK\Microsoft.Bot.Builder.OAuth\Microsoft.Bot.Builder.OAuth\Microsoft.Bot.Builder.OAuth.csproj", "{0F06EF2F-B425-480F-8C08-B374F9943278}"
EndProject
Project("{FAE04EC0-301F-11D3-BF4B-00C04F79EFBC}") = "AadV1Bot", "AadV1Bot\AadV1Bot.csproj", "{5B1AD57B-A958-4593-9959-9C67C5D6EE3A}"
EndProject
Project("{FAE04EC0-301F-11D3-BF4B-00C04F79EFBC}") = "AadV2Bot", "AadV2Bot\AadV2Bot.csproj", "{02D0FDA0-799A-4747-B2C2-D4017F517A0E}"
EndProject
Global
	GlobalSection(SolutionConfigurationPlatforms) = preSolution
		Debug|Any CPU = Debug|Any CPU
		Release|Any CPU = Release|Any CPU
	EndGlobalSection
	GlobalSection(ProjectConfigurationPlatforms) = postSolution
		{4A966684-0A83-4265-A77E-A1AC3EED521F}.Debug|Any CPU.ActiveCfg = Debug|Any CPU
		{4A966684-0A83-4265-A77E-A1AC3EED521F}.Debug|Any CPU.Build.0 = Debug|Any CPU
		{4A966684-0A83-4265-A77E-A1AC3EED521F}.Release|Any CPU.ActiveCfg = Release|Any CPU
		{4A966684-0A83-4265-A77E-A1AC3EED521F}.Release|Any CPU.Build.0 = Release|Any CPU
		{0F06EF2F-B425-480F-8C08-B374F9943278}.Debug|Any CPU.ActiveCfg = Debug|Any CPU
		{0F06EF2F-B425-480F-8C08-B374F9943278}.Debug|Any CPU.Build.0 = Debug|Any CPU
		{0F06EF2F-B425-480F-8C08-B374F9943278}.Release|Any CPU.ActiveCfg = Release|Any CPU
		{0F06EF2F-B425-480F-8C08-B374F9943278}.Release|Any CPU.Build.0 = Release|Any CPU
		{5B1AD57B-A958-4593-9959-9C67C5D6EE3A}.Debug|Any CPU.ActiveCfg = Debug|Any CPU
		{5B1AD57B-A958-4593-9959-9C67C5D6EE3A}.Debug|Any CPU.Build.0 = Debug|Any CPU
		{5B1AD57B-A958-4593-9959-9C67C5D6EE3A}.Release|Any CPU.ActiveCfg = Release|Any CPU
		{5B1AD57B-A958-4593-9959-9C67C5D6EE3A}.Release|Any CPU.Build.0 = Release|Any CPU
		{02D0FDA0-799A-4747-B2C2-D4017F517A0E}.Debug|Any CPU.ActiveCfg = Debug|Any CPU
		{02D0FDA0-799A-4747-B2C2-D4017F517A0E}.Debug|Any CPU.Build.0 = Debug|Any CPU
		{02D0FDA0-799A-4747-B2C2-D4017F517A0E}.Release|Any CPU.ActiveCfg = Release|Any CPU
		{02D0FDA0-799A-4747-B2C2-D4017F517A0E}.Release|Any CPU.Build.0 = Release|Any CPU
	EndGlobalSection
	GlobalSection(SolutionProperties) = preSolution
		HideSolutionNode = FALSE
	EndGlobalSection
	GlobalSection(ExtensibilityGlobals) = postSolution
		SolutionGuid = {A3C5DDEB-B739-4AD9-A532-CFADB6B341DA}
	EndGlobalSection
EndGlobal
